
Microsoft Visual Studio Solution File, Format Version 12.00
# Visual Studio 15
VisualStudioVersion = 15.0.26730.12
MinimumVisualStudioVersion = 10.0.40219.1
Project("{FAE04EC0-301F-11D3-BF4B-00C04F79EFBC}") = "SpyStore.DAL", "SpyStore.DAL\SpyStore.DAL.csproj", "{B6CF70CB-6762-4BD8-B22E-CAAEC90EB51D}"
EndProject
Project("{FAE04EC0-301F-11D3-BF4B-00C04F79EFBC}") = "SpyStore.Models", "SpyStore.Models\SpyStore.Models.csproj", "{35A5486B-EE65-45C2-A905-8BD2933CB36F}"
EndProject
Project("{FAE04EC0-301F-11D3-BF4B-00C04F79EFBC}") = "SpyStore.DAL.Tests", "SpyStore.DAL.Tests\SpyStore.DAL.Tests.csproj", "{F12EB14A-7278-4729-A949-D22AC4E13614}"
EndProject
Global
	GlobalSection(SolutionConfigurationPlatforms) = preSolution
		Debug|Any CPU = Debug|Any CPU
		Release|Any CPU = Release|Any CPU
	EndGlobalSection
	GlobalSection(ProjectConfigurationPlatforms) = postSolution
		{B6CF70CB-6762-4BD8-B22E-CAAEC90EB51D}.Debug|Any CPU.ActiveCfg = Debug|Any CPU
		{B6CF70CB-6762-4BD8-B22E-CAAEC90EB51D}.Debug|Any CPU.Build.0 = Debug|Any CPU
		{B6CF70CB-6762-4BD8-B22E-CAAEC90EB51D}.Release|Any CPU.ActiveCfg = Release|Any CPU
		{B6CF70CB-6762-4BD8-B22E-CAAEC90EB51D}.Release|Any CPU.Build.0 = Release|Any CPU
		{35A5486B-EE65-45C2-A905-8BD2933CB36F}.Debug|Any CPU.ActiveCfg = Debug|Any CPU
		{35A5486B-EE65-45C2-A905-8BD2933CB36F}.Debug|Any CPU.Build.0 = Debug|Any CPU
		{35A5486B-EE65-45C2-A905-8BD2933CB36F}.Release|Any CPU.ActiveCfg = Release|Any CPU
		{35A5486B-EE65-45C2-A905-8BD2933CB36F}.Release|Any CPU.Build.0 = Release|Any CPU
		{F12EB14A-7278-4729-A949-D22AC4E13614}.Debug|Any CPU.ActiveCfg = Debug|Any CPU
		{F12EB14A-7278-4729-A949-D22AC4E13614}.Debug|Any CPU.Build.0 = Debug|Any CPU
		{F12EB14A-7278-4729-A949-D22AC4E13614}.Release|Any CPU.ActiveCfg = Release|Any CPU
		{F12EB14A-7278-4729-A949-D22AC4E13614}.Release|Any CPU.Build.0 = Release|Any CPU
	EndGlobalSection
	GlobalSection(SolutionProperties) = preSolution
		HideSolutionNode = FALSE
	EndGlobalSection
	GlobalSection(ExtensibilityGlobals) = postSolution
		SolutionGuid = {20383963-4403-4BCB-B23F-464491A82F30}
	EndGlobalSection
EndGlobal
